
Microsoft Visual Studio Solution File, Format Version 12.00
# Visual Studio Version 17
VisualStudioVersion = 17.14.36408.4 d17.14
MinimumVisualStudioVersion = 10.0.40219.1
Project("{FAE04EC0-301F-11D3-BF4B-00C04F79EFBC}") = "Taller_1_POO.BConcepts.Core", "Taller_1_POO.BConcepts\Taller_1_POO.BConcepts.Core.csproj", "{4AD87B17-E7B2-42ED-972F-7B7965CF627F}"
EndProject
Project("{FAE04EC0-301F-11D3-BF4B-00C04F79EFBC}") = "Taller_1_POO.BConcepts.Console", "Taller_1_POO.BConcepts.Console\Taller_1_POO.BConcepts.Console.csproj", "{1172AB38-FF7E-4A67-8397-148AF1151229}"
EndProject
Global
	GlobalSection(SolutionConfigurationPlatforms) = preSolution
		Debug|Any CPU = Debug|Any CPU
		Release|Any CPU = Release|Any CPU
	EndGlobalSection
	GlobalSection(ProjectConfigurationPlatforms) = postSolution
		{4AD87B17-E7B2-42ED-972F-7B7965CF627F}.Debug|Any CPU.ActiveCfg = Debug|Any CPU
		{4AD87B17-E7B2-42ED-972F-7B7965CF627F}.Debug|Any CPU.Build.0 = Debug|Any CPU
		{4AD87B17-E7B2-42ED-972F-7B7965CF627F}.Release|Any CPU.ActiveCfg = Release|Any CPU
		{4AD87B17-E7B2-42ED-972F-7B7965CF627F}.Release|Any CPU.Build.0 = Release|Any CPU
		{1172AB38-FF7E-4A67-8397-148AF1151229}.Debug|Any CPU.ActiveCfg = Debug|Any CPU
		{1172AB38-FF7E-4A67-8397-148AF1151229}.Debug|Any CPU.Build.0 = Debug|Any CPU
		{1172AB38-FF7E-4A67-8397-148AF1151229}.Release|Any CPU.ActiveCfg = Release|Any CPU
		{1172AB38-FF7E-4A67-8397-148AF1151229}.Release|Any CPU.Build.0 = Release|Any CPU
	EndGlobalSection
	GlobalSection(SolutionProperties) = preSolution
		HideSolutionNode = FALSE
	EndGlobalSection
	GlobalSection(ExtensibilityGlobals) = postSolution
		SolutionGuid = {20BE8450-38C9-4773-B2A8-CBCB0EC8AF3D}
	EndGlobalSection
EndGlobal
